
Microsoft Visual Studio Solution File, Format Version 12.00
# Visual Studio Version 16
VisualStudioVersion = 16.0.31105.61
MinimumVisualStudioVersion = 10.0.40219.1
Project("{9A19103F-16F7-4668-BE54-9A1E7A4F7556}") = "PruebaIngresoBibliotecario.Api", "PruebaIngresoBibliotecario\PruebaIngresoBibliotecario.Api\PruebaIngresoBibliotecario.Api.csproj", "{83BC9568-98BD-45E5-81EE-2EC31D93D349}"
EndProject
Project("{9A19103F-16F7-4668-BE54-9A1E7A4F7556}") = "PruebaIngresoBibliotecario.Api.Tests", "PruebaIngresoBibliotecario\PruebaIngresoBibliotecario.Api.Tests\PruebaIngresoBibliotecario.Api.Tests.csproj", "{1098EFDF-6E71-42AB-B02C-EE86D21BC08F}"
EndProject
Project("{9A19103F-16F7-4668-BE54-9A1E7A4F7556}") = "PruebaIngresoBibliotecario.Infrastructure", "PruebaIngresoBibliotecario\PruebaIngresoBibliotecario.Infrastructure\PruebaIngresoBibliotecario.Infrastructure.csproj", "{DBEC2DA9-1597-4928-99C4-1DF4D243C107}"
EndProject
Project("{9A19103F-16F7-4668-BE54-9A1E7A4F7556}") = "PruebaIngresoBibliotecario.ApplicationCore", "PruebaIngresoBibliotecario\PruebaIngresoBibliotecario.ApplicationCore\PruebaIngresoBibliotecario.ApplicationCore.csproj", "{EBBD18D0-1F65-4536-BAF8-6C09D03ACCB1}"
EndProject
Project("{9A19103F-16F7-4668-BE54-9A1E7A4F7556}") = "PruebaIngresoBibliotecario.SharedKernel", "PruebaIngresoBibliotecario\PruebaIngresoBibliotecario.SharedKernel\PruebaIngresoBibliotecario.SharedKernel.csproj", "{DA1B4F20-B358-4BFF-BA42-135772300DC5}"
EndProject
Project("{2150E333-8FDC-42A3-9474-1A3956D46DE8}") = "src", "src", "{A7BCC43D-BD63-4361-A66C-44751CFF1C9D}"
EndProject
Project("{2150E333-8FDC-42A3-9474-1A3956D46DE8}") = "test", "test", "{E5D4B92D-A9C0-4CB0-8EDF-E48B3C557ACE}"
EndProject
Project("{9A19103F-16F7-4668-BE54-9A1E7A4F7556}") = "PruebaIngresoBibliotecario.ApplicationCore.Tests", "PruebaIngresoBibliotecario\PruebaIngresoBibliotecario.ApplicationCore.Tests\PruebaIngresoBibliotecario.ApplicationCore.Tests.csproj", "{6BF06899-EDB0-4614-ABDF-35AC5AE55E1E}"
EndProject
Global
	GlobalSection(SolutionConfigurationPlatforms) = preSolution
		Debug|Any CPU = Debug|Any CPU
		Release|Any CPU = Release|Any CPU
	EndGlobalSection
	GlobalSection(ProjectConfigurationPlatforms) = postSolution
		{83BC9568-98BD-45E5-81EE-2EC31D93D349}.Debug|Any CPU.ActiveCfg = Debug|Any CPU
		{83BC9568-98BD-45E5-81EE-2EC31D93D349}.Debug|Any CPU.Build.0 = Debug|Any CPU
		{83BC9568-98BD-45E5-81EE-2EC31D93D349}.Release|Any CPU.ActiveCfg = Release|Any CPU
		{83BC9568-98BD-45E5-81EE-2EC31D93D349}.Release|Any CPU.Build.0 = Release|Any CPU
		{1098EFDF-6E71-42AB-B02C-EE86D21BC08F}.Debug|Any CPU.ActiveCfg = Debug|Any CPU
		{1098EFDF-6E71-42AB-B02C-EE86D21BC08F}.Debug|Any CPU.Build.0 = Debug|Any CPU
		{1098EFDF-6E71-42AB-B02C-EE86D21BC08F}.Release|Any CPU.ActiveCfg = Release|Any CPU
		{1098EFDF-6E71-42AB-B02C-EE86D21BC08F}.Release|Any CPU.Build.0 = Release|Any CPU
		{DBEC2DA9-1597-4928-99C4-1DF4D243C107}.Debug|Any CPU.ActiveCfg = Debug|Any CPU
		{DBEC2DA9-1597-4928-99C4-1DF4D243C107}.Debug|Any CPU.Build.0 = Debug|Any CPU
		{DBEC2DA9-1597-4928-99C4-1DF4D243C107}.Release|Any CPU.ActiveCfg = Release|Any CPU
		{DBEC2DA9-1597-4928-99C4-1DF4D243C107}.Release|Any CPU.Build.0 = Release|Any CPU
		{EBBD18D0-1F65-4536-BAF8-6C09D03ACCB1}.Debug|Any CPU.ActiveCfg = Debug|Any CPU
		{EBBD18D0-1F65-4536-BAF8-6C09D03ACCB1}.Debug|Any CPU.Build.0 = Debug|Any CPU
		{EBBD18D0-1F65-4536-BAF8-6C09D03ACCB1}.Release|Any CPU.ActiveCfg = Release|Any CPU
		{EBBD18D0-1F65-4536-BAF8-6C09D03ACCB1}.Release|Any CPU.Build.0 = Release|Any CPU
		{DA1B4F20-B358-4BFF-BA42-135772300DC5}.Debug|Any CPU.ActiveCfg = Debug|Any CPU
		{DA1B4F20-B358-4BFF-BA42-135772300DC5}.Debug|Any CPU.Build.0 = Debug|Any CPU
		{DA1B4F20-B358-4BFF-BA42-135772300DC5}.Release|Any CPU.ActiveCfg = Release|Any CPU
		{DA1B4F20-B358-4BFF-BA42-135772300DC5}.Release|Any CPU.Build.0 = Release|Any CPU
		{6BF06899-EDB0-4614-ABDF-35AC5AE55E1E}.Debug|Any CPU.ActiveCfg = Debug|Any CPU
		{6BF06899-EDB0-4614-ABDF-35AC5AE55E1E}.Debug|Any CPU.Build.0 = Debug|Any CPU
		{6BF06899-EDB0-4614-ABDF-35AC5AE55E1E}.Release|Any CPU.ActiveCfg = Release|Any CPU
		{6BF06899-EDB0-4614-ABDF-35AC5AE55E1E}.Release|Any CPU.Build.0 = Release|Any CPU
	EndGlobalSection
	GlobalSection(SolutionProperties) = preSolution
		HideSolutionNode = FALSE
	EndGlobalSection
	GlobalSection(NestedProjects) = preSolution
		{83BC9568-98BD-45E5-81EE-2EC31D93D349} = {A7BCC43D-BD63-4361-A66C-44751CFF1C9D}
		{1098EFDF-6E71-42AB-B02C-EE86D21BC08F} = {E5D4B92D-A9C0-4CB0-8EDF-E48B3C557ACE}
		{DBEC2DA9-1597-4928-99C4-1DF4D243C107} = {A7BCC43D-BD63-4361-A66C-44751CFF1C9D}
		{EBBD18D0-1F65-4536-BAF8-6C09D03ACCB1} = {A7BCC43D-BD63-4361-A66C-44751CFF1C9D}
		{DA1B4F20-B358-4BFF-BA42-135772300DC5} = {A7BCC43D-BD63-4361-A66C-44751CFF1C9D}
		{6BF06899-EDB0-4614-ABDF-35AC5AE55E1E} = {E5D4B92D-A9C0-4CB0-8EDF-E48B3C557ACE}
	EndGlobalSection
	GlobalSection(ExtensibilityGlobals) = postSolution
		SolutionGuid = {1410F7CC-0E30-4D49-805A-DB90AE45478D}
	EndGlobalSection
EndGlobal
